// !$*UTF8*$!
{
	archiveVersion = 1;
	classes = {
	};
	objectVersion = 56;
	objects = {

/* Begin PBXBuildFile section */
		F627F8A02B941A190066C734 /* CheckBox.swift in Sources */ = {isa = PBXBuildFile; fileRef = F627F89F2B941A190066C734 /* CheckBox.swift */; };
		F627F8A22B941ABE0066C734 /* MainView.swift in Sources */ = {isa = PBXBuildFile; fileRef = F627F8A12B941ABE0066C734 /* MainView.swift */; };
		F627F8A62B941AFE0066C734 /* HomeView.swift in Sources */ = {isa = PBXBuildFile; fileRef = F627F8A52B941AFE0066C734 /* HomeView.swift */; };
		F627F8AB2B941B0E0066C734 /* ChartView.swift in Sources */ = {isa = PBXBuildFile; fileRef = F627F8AA2B941B0E0066C734 /* ChartView.swift */; };
		F627F8AF2B941B1A0066C734 /* HistoryView.swift in Sources */ = {isa = PBXBuildFile; fileRef = F627F8AE2B941B1A0066C734 /* HistoryView.swift */; };
		F627F8B32B941B230066C734 /* MoreView.swift in Sources */ = {isa = PBXBuildFile; fileRef = F627F8B22B941B230066C734 /* MoreView.swift */; };
		F627F8B72B941B570066C734 /* InspectionView.swift in Sources */ = {isa = PBXBuildFile; fileRef = F627F8B62B941B570066C734 /* InspectionView.swift */; };
		F635D0DD2B9375A000D13B52 /* VoiceCheckerApp.swift in Sources */ = {isa = PBXBuildFile; fileRef = F635D0DC2B9375A000D13B52 /* VoiceCheckerApp.swift */; };
		F635D0E12B9375A100D13B52 /* Assets.xcassets in Resources */ = {isa = PBXBuildFile; fileRef = F635D0E02B9375A100D13B52 /* Assets.xcassets */; };
		F635D0E42B9375A100D13B52 /* Preview Assets.xcassets in Resources */ = {isa = PBXBuildFile; fileRef = F635D0E32B9375A100D13B52 /* Preview Assets.xcassets */; };
		F635D0EE2B9375A100D13B52 /* VoiceCheckerTests.swift in Sources */ = {isa = PBXBuildFile; fileRef = F635D0ED2B9375A100D13B52 /* VoiceCheckerTests.swift */; };
		F635D0F82B9375A100D13B52 /* VoiceCheckerUITests.swift in Sources */ = {isa = PBXBuildFile; fileRef = F635D0F72B9375A100D13B52 /* VoiceCheckerUITests.swift */; };
		F635D0FA2B9375A100D13B52 /* VoiceCheckerUITestsLaunchTests.swift in Sources */ = {isa = PBXBuildFile; fileRef = F635D0F92B9375A100D13B52 /* VoiceCheckerUITestsLaunchTests.swift */; };
		F635D1092B9375F500D13B52 /* SignInView.swift in Sources */ = {isa = PBXBuildFile; fileRef = F635D1082B9375F500D13B52 /* SignInView.swift */; };
		F66FE4672B937864002D0E8D /* DotProgressView.swift in Sources */ = {isa = PBXBuildFile; fileRef = F66FE4652B937864002D0E8D /* DotProgressView.swift */; };
		F66FE4682B937864002D0E8D /* NewMorphButtonStyle.swift in Sources */ = {isa = PBXBuildFile; fileRef = F66FE4662B937864002D0E8D /* NewMorphButtonStyle.swift */; };
		F66FE46B2B93789E002D0E8D /* Dot.swift in Sources */ = {isa = PBXBuildFile; fileRef = F66FE46A2B93789E002D0E8D /* Dot.swift */; };
		F66FE46F2B937980002D0E8D /* Logos.swift in Sources */ = {isa = PBXBuildFile; fileRef = F66FE46E2B937980002D0E8D /* Logos.swift */; };
		F66FE4722B937A18002D0E8D /* UserManagementAlertTypeModel.swift in Sources */ = {isa = PBXBuildFile; fileRef = F66FE4712B937A18002D0E8D /* UserManagementAlertTypeModel.swift */; };
		F66FE4742B938879002D0E8D /* GoogleService-Info.plist in Resources */ = {isa = PBXBuildFile; fileRef = F66FE4732B938879002D0E8D /* GoogleService-Info.plist */; };
		F66FE4772B9388F5002D0E8D /* FirebaseAnalytics in Frameworks */ = {isa = PBXBuildFile; productRef = F66FE4762B9388F5002D0E8D /* FirebaseAnalytics */; };
		F66FE4792B9388F5002D0E8D /* FirebaseAnalyticsSwift in Frameworks */ = {isa = PBXBuildFile; productRef = F66FE4782B9388F5002D0E8D /* FirebaseAnalyticsSwift */; };
		F66FE47B2B9388F5002D0E8D /* FirebaseAuth in Frameworks */ = {isa = PBXBuildFile; productRef = F66FE47A2B9388F5002D0E8D /* FirebaseAuth */; };
		F66FE47D2B9388F5002D0E8D /* FirebaseFirestore in Frameworks */ = {isa = PBXBuildFile; productRef = F66FE47C2B9388F5002D0E8D /* FirebaseFirestore */; };
		F66FE47F2B9388F5002D0E8D /* FirebaseFirestoreSwift in Frameworks */ = {isa = PBXBuildFile; productRef = F66FE47E2B9388F5002D0E8D /* FirebaseFirestoreSwift */; };
		F66FE4812B9388F5002D0E8D /* FirebaseFunctions in Frameworks */ = {isa = PBXBuildFile; productRef = F66FE4802B9388F5002D0E8D /* FirebaseFunctions */; };
		F66FE4832B9388F5002D0E8D /* FirebaseStorage in Frameworks */ = {isa = PBXBuildFile; productRef = F66FE4822B9388F5002D0E8D /* FirebaseStorage */; };
		F66FE4862B9389B1002D0E8D /* UserManagement.swift in Sources */ = {isa = PBXBuildFile; fileRef = F66FE4852B9389B1002D0E8D /* UserManagement.swift */; };
		F66FE4892B9389D0002D0E8D /* AES256Util.swift in Sources */ = {isa = PBXBuildFile; fileRef = F66FE4882B9389D0002D0E8D /* AES256Util.swift */; };
		F66FE48C2B938A08002D0E8D /* CryptoSwift in Frameworks */ = {isa = PBXBuildFile; productRef = F66FE48B2B938A08002D0E8D /* CryptoSwift */; };
		F66FE48E2B938AA0002D0E8D /* UserInfoModel.swift in Sources */ = {isa = PBXBuildFile; fileRef = F66FE48D2B938AA0002D0E8D /* UserInfoModel.swift */; };
		F6E94E8C2B9396A900363D64 /* SignUpView.swift in Sources */ = {isa = PBXBuildFile; fileRef = F6E94E8B2B9396A900363D64 /* SignUpView.swift */; };
/* End PBXBuildFile section */

/* Begin PBXContainerItemProxy section */
		F635D0EA2B9375A100D13B52 /* PBXContainerItemProxy */ = {
			isa = PBXContainerItemProxy;
			containerPortal = F635D0D12B9375A000D13B52 /* Project object */;
			proxyType = 1;
			remoteGlobalIDString = F635D0D82B9375A000D13B52;
			remoteInfo = VoiceChecker;
		};
		F635D0F42B9375A100D13B52 /* PBXContainerItemProxy */ = {
			isa = PBXContainerItemProxy;
			containerPortal = F635D0D12B9375A000D13B52 /* Project object */;
			proxyType = 1;
			remoteGlobalIDString = F635D0D82B9375A000D13B52;
			remoteInfo = VoiceChecker;
		};
/* End PBXContainerItemProxy section */

/* Begin PBXFileReference section */
		F627F89F2B941A190066C734 /* CheckBox.swift */ = {isa = PBXFileReference; fileEncoding = 4; lastKnownFileType = sourcecode.swift; path = CheckBox.swift; sourceTree = "<group>"; };
		F627F8A12B941ABE0066C734 /* MainView.swift */ = {isa = PBXFileReference; lastKnownFileType = sourcecode.swift; path = MainView.swift; sourceTree = "<group>"; };
		F627F8A52B941AFE0066C734 /* HomeView.swift */ = {isa = PBXFileReference; lastKnownFileType = sourcecode.swift; path = HomeView.swift; sourceTree = "<group>"; };
		F627F8AA2B941B0E0066C734 /* ChartView.swift */ = {isa = PBXFileReference; lastKnownFileType = sourcecode.swift; path = ChartView.swift; sourceTree = "<group>"; };
		F627F8AE2B941B1A0066C734 /* HistoryView.swift */ = {isa = PBXFileReference; lastKnownFileType = sourcecode.swift; path = HistoryView.swift; sourceTree = "<group>"; };
		F627F8B22B941B230066C734 /* MoreView.swift */ = {isa = PBXFileReference; lastKnownFileType = sourcecode.swift; path = MoreView.swift; sourceTree = "<group>"; };
		F627F8B62B941B570066C734 /* InspectionView.swift */ = {isa = PBXFileReference; lastKnownFileType = sourcecode.swift; path = InspectionView.swift; sourceTree = "<group>"; };
		F635D0D92B9375A000D13B52 /* VoiceChecker.app */ = {isa = PBXFileReference; explicitFileType = wrapper.application; includeInIndex = 0; path = VoiceChecker.app; sourceTree = BUILT_PRODUCTS_DIR; };
		F635D0DC2B9375A000D13B52 /* VoiceCheckerApp.swift */ = {isa = PBXFileReference; lastKnownFileType = sourcecode.swift; path = VoiceCheckerApp.swift; sourceTree = "<group>"; };
		F635D0E02B9375A100D13B52 /* Assets.xcassets */ = {isa = PBXFileReference; lastKnownFileType = folder.assetcatalog; path = Assets.xcassets; sourceTree = "<group>"; };
		F635D0E32B9375A100D13B52 /* Preview Assets.xcassets */ = {isa = PBXFileReference; lastKnownFileType = folder.assetcatalog; path = "Preview Assets.xcassets"; sourceTree = "<group>"; };
		F635D0E92B9375A100D13B52 /* VoiceCheckerTests.xctest */ = {isa = PBXFileReference; explicitFileType = wrapper.cfbundle; includeInIndex = 0; path = VoiceCheckerTests.xctest; sourceTree = BUILT_PRODUCTS_DIR; };
		F635D0ED2B9375A100D13B52 /* VoiceCheckerTests.swift */ = {isa = PBXFileReference; lastKnownFileType = sourcecode.swift; path = VoiceCheckerTests.swift; sourceTree = "<group>"; };
		F635D0F32B9375A100D13B52 /* VoiceCheckerUITests.xctest */ = {isa = PBXFileReference; explicitFileType = wrapper.cfbundle; includeInIndex = 0; path = VoiceCheckerUITests.xctest; sourceTree = BUILT_PRODUCTS_DIR; };
		F635D0F72B9375A100D13B52 /* VoiceCheckerUITests.swift */ = {isa = PBXFileReference; lastKnownFileType = sourcecode.swift; path = VoiceCheckerUITests.swift; sourceTree = "<group>"; };
		F635D0F92B9375A100D13B52 /* VoiceCheckerUITestsLaunchTests.swift */ = {isa = PBXFileReference; lastKnownFileType = sourcecode.swift; path = VoiceCheckerUITestsLaunchTests.swift; sourceTree = "<group>"; };
		F635D1082B9375F500D13B52 /* SignInView.swift */ = {isa = PBXFileReference; lastKnownFileType = sourcecode.swift; path = SignInView.swift; sourceTree = "<group>"; };
		F66FE4652B937864002D0E8D /* DotProgressView.swift */ = {isa = PBXFileReference; fileEncoding = 4; lastKnownFileType = sourcecode.swift; path = DotProgressView.swift; sourceTree = "<group>"; };
		F66FE4662B937864002D0E8D /* NewMorphButtonStyle.swift */ = {isa = PBXFileReference; fileEncoding = 4; lastKnownFileType = sourcecode.swift; path = NewMorphButtonStyle.swift; sourceTree = "<group>"; };
		F66FE46A2B93789E002D0E8D /* Dot.swift */ = {isa = PBXFileReference; fileEncoding = 4; lastKnownFileType = sourcecode.swift; path = Dot.swift; sourceTree = "<group>"; };
		F66FE46E2B937980002D0E8D /* Logos.swift */ = {isa = PBXFileReference; lastKnownFileType = sourcecode.swift; path = Logos.swift; sourceTree = "<group>"; };
		F66FE4712B937A18002D0E8D /* UserManagementAlertTypeModel.swift */ = {isa = PBXFileReference; lastKnownFileType = sourcecode.swift; path = UserManagementAlertTypeModel.swift; sourceTree = "<group>"; };
		F66FE4732B938879002D0E8D /* GoogleService-Info.plist */ = {isa = PBXFileReference; fileEncoding = 4; lastKnownFileType = text.plist.xml; path = "GoogleService-Info.plist"; sourceTree = "<group>"; };
		F66FE4852B9389B1002D0E8D /* UserManagement.swift */ = {isa = PBXFileReference; lastKnownFileType = sourcecode.swift; path = UserManagement.swift; sourceTree = "<group>"; };
		F66FE4882B9389D0002D0E8D /* AES256Util.swift */ = {isa = PBXFileReference; lastKnownFileType = sourcecode.swift; path = AES256Util.swift; sourceTree = "<group>"; };
		F66FE48D2B938AA0002D0E8D /* UserInfoModel.swift */ = {isa = PBXFileReference; lastKnownFileType = sourcecode.swift; path = UserInfoModel.swift; sourceTree = "<group>"; };
		F6E94E8B2B9396A900363D64 /* SignUpView.swift */ = {isa = PBXFileReference; lastKnownFileType = sourcecode.swift; path = SignUpView.swift; sourceTree = "<group>"; };
/* End PBXFileReference section */

/* Begin PBXFrameworksBuildPhase section */
		F635D0D62B9375A000D13B52 /* Frameworks */ = {
			isa = PBXFrameworksBuildPhase;
			buildActionMask = 2147483647;
			files = (
				F66FE47F2B9388F5002D0E8D /* FirebaseFirestoreSwift in Frameworks */,
				F66FE48C2B938A08002D0E8D /* CryptoSwift in Frameworks */,
				F66FE4792B9388F5002D0E8D /* FirebaseAnalyticsSwift in Frameworks */,
				F66FE47D2B9388F5002D0E8D /* FirebaseFirestore in Frameworks */,
				F66FE4812B9388F5002D0E8D /* FirebaseFunctions in Frameworks */,
				F66FE4832B9388F5002D0E8D /* FirebaseStorage in Frameworks */,
				F66FE47B2B9388F5002D0E8D /* FirebaseAuth in Frameworks */,
				F66FE4772B9388F5002D0E8D /* FirebaseAnalytics in Frameworks */,
			);
			runOnlyForDeploymentPostprocessing = 0;
		};
		F635D0E62B9375A100D13B52 /* Frameworks */ = {
			isa = PBXFrameworksBuildPhase;
			buildActionMask = 2147483647;
			files = (
			);
			runOnlyForDeploymentPostprocessing = 0;
		};
		F635D0F02B9375A100D13B52 /* Frameworks */ = {
			isa = PBXFrameworksBuildPhase;
			buildActionMask = 2147483647;
			files = (
			);
			runOnlyForDeploymentPostprocessing = 0;
		};
/* End PBXFrameworksBuildPhase section */

/* Begin PBXGroup section */
		F627F8A32B941AF60066C734 /* Home */ = {
			isa = PBXGroup;
			children = (
				F627F8A42B941AF90066C734 /* View */,
			);
			path = Home;
			sourceTree = "<group>";
		};
		F627F8A42B941AF90066C734 /* View */ = {
			isa = PBXGroup;
			children = (
				F627F8A52B941AFE0066C734 /* HomeView.swift */,
			);
			path = View;
			sourceTree = "<group>";
		};
		F627F8A72B941B000066C734 /* Chart */ = {
			isa = PBXGroup;
			children = (
				F627F8A82B941B030066C734 /* View */,
			);
			path = Chart;
			sourceTree = "<group>";
		};
		F627F8A82B941B030066C734 /* View */ = {
			isa = PBXGroup;
			children = (
				F627F8AA2B941B0E0066C734 /* ChartView.swift */,
			);
			path = View;
			sourceTree = "<group>";
		};
		F627F8AC2B941B110066C734 /* History */ = {
			isa = PBXGroup;
			children = (
				F627F8AD2B941B140066C734 /* View */,
			);
			path = History;
			sourceTree = "<group>";
		};
		F627F8AD2B941B140066C734 /* View */ = {
			isa = PBXGroup;
			children = (
				F627F8AE2B941B1A0066C734 /* HistoryView.swift */,
			);
			path = View;
			sourceTree = "<group>";
		};
		F627F8B02B941B1C0066C734 /* More */ = {
			isa = PBXGroup;
			children = (
				F627F8B12B941B1D0066C734 /* View */,
			);
			path = More;
			sourceTree = "<group>";
		};
		F627F8B12B941B1D0066C734 /* View */ = {
			isa = PBXGroup;
			children = (
				F627F8B22B941B230066C734 /* MoreView.swift */,
			);
			path = View;
			sourceTree = "<group>";
		};
		F627F8B42B941B4D0066C734 /* Inspect */ = {
			isa = PBXGroup;
			children = (
				F627F8B52B941B510066C734 /* View */,
			);
			path = Inspect;
			sourceTree = "<group>";
		};
		F627F8B52B941B510066C734 /* View */ = {
			isa = PBXGroup;
			children = (
				F627F8B62B941B570066C734 /* InspectionView.swift */,
			);
			path = View;
			sourceTree = "<group>";
		};
		F635D0D02B9375A000D13B52 = {
			isa = PBXGroup;
			children = (
				F635D0DB2B9375A000D13B52 /* VoiceChecker */,
				F635D0EC2B9375A100D13B52 /* VoiceCheckerTests */,
				F635D0F62B9375A100D13B52 /* VoiceCheckerUITests */,
				F635D0DA2B9375A000D13B52 /* Products */,
			);
			sourceTree = "<group>";
		};
		F635D0DA2B9375A000D13B52 /* Products */ = {
			isa = PBXGroup;
			children = (
				F635D0D92B9375A000D13B52 /* VoiceChecker.app */,
				F635D0E92B9375A100D13B52 /* VoiceCheckerTests.xctest */,
				F635D0F32B9375A100D13B52 /* VoiceCheckerUITests.xctest */,
			);
			name = Products;
			sourceTree = "<group>";
		};
		F635D0DB2B9375A000D13B52 /* VoiceChecker */ = {
			isa = PBXGroup;
			children = (
				F627F8B42B941B4D0066C734 /* Inspect */,
				F627F8B02B941B1C0066C734 /* More */,
				F627F8AC2B941B110066C734 /* History */,
				F627F8A72B941B000066C734 /* Chart */,
				F627F8A32B941AF60066C734 /* Home */,
				F66FE4732B938879002D0E8D /* GoogleService-Info.plist */,
				F66FE46C2B937950002D0E8D /* UserManagement */,
				F635D1062B9375E300D13B52 /* Frameworks */,
				F635D0E02B9375A100D13B52 /* Assets.xcassets */,
				F635D0E22B9375A100D13B52 /* Preview Content */,
			);
			path = VoiceChecker;
			sourceTree = "<group>";
		};
		F635D0E22B9375A100D13B52 /* Preview Content */ = {
			isa = PBXGroup;
			children = (
				F635D0E32B9375A100D13B52 /* Preview Assets.xcassets */,
			);
			path = "Preview Content";
			sourceTree = "<group>";
		};
		F635D0EC2B9375A100D13B52 /* VoiceCheckerTests */ = {
			isa = PBXGroup;
			children = (
				F635D0ED2B9375A100D13B52 /* VoiceCheckerTests.swift */,
			);
			path = VoiceCheckerTests;
			sourceTree = "<group>";
		};
		F635D0F62B9375A100D13B52 /* VoiceCheckerUITests */ = {
			isa = PBXGroup;
			children = (
				F635D0F72B9375A100D13B52 /* VoiceCheckerUITests.swift */,
				F635D0F92B9375A100D13B52 /* VoiceCheckerUITestsLaunchTests.swift */,
			);
			path = VoiceCheckerUITests;
			sourceTree = "<group>";
		};
		F635D1062B9375E300D13B52 /* Frameworks */ = {
			isa = PBXGroup;
			children = (
				F66FE4872B9389CA002D0E8D /* Helper */,
				F66FE4692B93788B002D0E8D /* Models */,
				F635D1072B9375ED00D13B52 /* View */,
			);
			path = Frameworks;
			sourceTree = "<group>";
		};
		F635D1072B9375ED00D13B52 /* View */ = {
			isa = PBXGroup;
			children = (
				F627F89F2B941A190066C734 /* CheckBox.swift */,
				F635D0DC2B9375A000D13B52 /* VoiceCheckerApp.swift */,
				F66FE4652B937864002D0E8D /* DotProgressView.swift */,
				F66FE4662B937864002D0E8D /* NewMorphButtonStyle.swift */,
				F66FE46E2B937980002D0E8D /* Logos.swift */,
				F627F8A12B941ABE0066C734 /* MainView.swift */,
			);
			path = View;
			sourceTree = "<group>";
		};
		F66FE4692B93788B002D0E8D /* Models */ = {
			isa = PBXGroup;
			children = (
				F66FE46A2B93789E002D0E8D /* Dot.swift */,
			);
			path = Models;
			sourceTree = "<group>";
		};
		F66FE46C2B937950002D0E8D /* UserManagement */ = {
			isa = PBXGroup;
			children = (
				F66FE4842B9389A9002D0E8D /* Helper */,
				F66FE4702B937A08002D0E8D /* Models */,
				F66FE46D2B937955002D0E8D /* View */,
			);
			path = UserManagement;
			sourceTree = "<group>";
		};
		F66FE46D2B937955002D0E8D /* View */ = {
			isa = PBXGroup;
			children = (
				F635D1082B9375F500D13B52 /* SignInView.swift */,
				F6E94E8B2B9396A900363D64 /* SignUpView.swift */,
			);
			path = View;
			sourceTree = "<group>";
		};
		F66FE4702B937A08002D0E8D /* Models */ = {
			isa = PBXGroup;
			children = (
				F66FE4712B937A18002D0E8D /* UserManagementAlertTypeModel.swift */,
				F66FE48D2B938AA0002D0E8D /* UserInfoModel.swift */,
			);
			path = Models;
			sourceTree = "<group>";
		};
		F66FE4842B9389A9002D0E8D /* Helper */ = {
			isa = PBXGroup;
			children = (
				F66FE4852B9389B1002D0E8D /* UserManagement.swift */,
			);
			path = Helper;
			sourceTree = "<group>";
		};
		F66FE4872B9389CA002D0E8D /* Helper */ = {
			isa = PBXGroup;
			children = (
				F66FE4882B9389D0002D0E8D /* AES256Util.swift */,
			);
			path = Helper;
			sourceTree = "<group>";
		};
/* End PBXGroup section */

/* Begin PBXNativeTarget section */
		F635D0D82B9375A000D13B52 /* VoiceChecker */ = {
			isa = PBXNativeTarget;
			buildConfigurationList = F635D0FD2B9375A100D13B52 /* Build configuration list for PBXNativeTarget "VoiceChecker" */;
			buildPhases = (
				F635D0D52B9375A000D13B52 /* Sources */,
				F635D0D62B9375A000D13B52 /* Frameworks */,
				F635D0D72B9375A000D13B52 /* Resources */,
			);
			buildRules = (
			);
			dependencies = (
			);
			name = VoiceChecker;
			packageProductDependencies = (
				F66FE4762B9388F5002D0E8D /* FirebaseAnalytics */,
				F66FE4782B9388F5002D0E8D /* FirebaseAnalyticsSwift */,
				F66FE47A2B9388F5002D0E8D /* FirebaseAuth */,
				F66FE47C2B9388F5002D0E8D /* FirebaseFirestore */,
				F66FE47E2B9388F5002D0E8D /* FirebaseFirestoreSwift */,
				F66FE4802B9388F5002D0E8D /* FirebaseFunctions */,
				F66FE4822B9388F5002D0E8D /* FirebaseStorage */,
				F66FE48B2B938A08002D0E8D /* CryptoSwift */,
			);
			productName = VoiceChecker;
			productReference = F635D0D92B9375A000D13B52 /* VoiceChecker.app */;
			productType = "com.apple.product-type.application";
		};
		F635D0E82B9375A100D13B52 /* VoiceCheckerTests */ = {
			isa = PBXNativeTarget;
			buildConfigurationList = F635D1002B9375A100D13B52 /* Build configuration list for PBXNativeTarget "VoiceCheckerTests" */;
			buildPhases = (
				F635D0E52B9375A100D13B52 /* Sources */,
				F635D0E62B9375A100D13B52 /* Frameworks */,
				F635D0E72B9375A100D13B52 /* Resources */,
			);
			buildRules = (
			);
			dependencies = (
				F635D0EB2B9375A100D13B52 /* PBXTargetDependency */,
			);
			name = VoiceCheckerTests;
			productName = VoiceCheckerTests;
			productReference = F635D0E92B9375A100D13B52 /* VoiceCheckerTests.xctest */;
			productType = "com.apple.product-type.bundle.unit-test";
		};
		F635D0F22B9375A100D13B52 /* VoiceCheckerUITests */ = {
			isa = PBXNativeTarget;
			buildConfigurationList = F635D1032B9375A100D13B52 /* Build configuration list for PBXNativeTarget "VoiceCheckerUITests" */;
			buildPhases = (
				F635D0EF2B9375A100D13B52 /* Sources */,
				F635D0F02B9375A100D13B52 /* Frameworks */,
				F635D0F12B9375A100D13B52 /* Resources */,
			);
			buildRules = (
			);
			dependencies = (
				F635D0F52B9375A100D13B52 /* PBXTargetDependency */,
			);
			name = VoiceCheckerUITests;
			productName = VoiceCheckerUITests;
			productReference = F635D0F32B9375A100D13B52 /* VoiceCheckerUITests.xctest */;
			productType = "com.apple.product-type.bundle.ui-testing";
		};
/* End PBXNativeTarget section */

/* Begin PBXProject section */
		F635D0D12B9375A000D13B52 /* Project object */ = {
			isa = PBXProject;
			attributes = {
				BuildIndependentTargetsInParallel = 1;
				LastSwiftUpdateCheck = 1520;
				LastUpgradeCheck = 1520;
				TargetAttributes = {
					F635D0D82B9375A000D13B52 = {
						CreatedOnToolsVersion = 15.2;
					};
					F635D0E82B9375A100D13B52 = {
						CreatedOnToolsVersion = 15.2;
						TestTargetID = F635D0D82B9375A000D13B52;
					};
					F635D0F22B9375A100D13B52 = {
						CreatedOnToolsVersion = 15.2;
						TestTargetID = F635D0D82B9375A000D13B52;
					};
				};
			};
			buildConfigurationList = F635D0D42B9375A000D13B52 /* Build configuration list for PBXProject "VoiceChecker" */;
			compatibilityVersion = "Xcode 14.0";
			developmentRegion = en;
			hasScannedForEncodings = 0;
			knownRegions = (
				en,
				Base,
			);
			mainGroup = F635D0D02B9375A000D13B52;
			packageReferences = (
				F66FE4752B9388F5002D0E8D /* XCRemoteSwiftPackageReference "firebase-ios-sdk" */,
				F66FE48A2B938A08002D0E8D /* XCRemoteSwiftPackageReference "CryptoSwift" */,
			);
			productRefGroup = F635D0DA2B9375A000D13B52 /* Products */;
			projectDirPath = "";
			projectRoot = "";
			targets = (
				F635D0D82B9375A000D13B52 /* VoiceChecker */,
				F635D0E82B9375A100D13B52 /* VoiceCheckerTests */,
				F635D0F22B9375A100D13B52 /* VoiceCheckerUITests */,
			);
		};
/* End PBXProject section */

/* Begin PBXResourcesBuildPhase section */
		F635D0D72B9375A000D13B52 /* Resources */ = {
			isa = PBXResourcesBuildPhase;
			buildActionMask = 2147483647;
			files = (
				F635D0E42B9375A100D13B52 /* Preview Assets.xcassets in Resources */,
				F66FE4742B938879002D0E8D /* GoogleService-Info.plist in Resources */,
				F635D0E12B9375A100D13B52 /* Assets.xcassets in Resources */,
			);
			runOnlyForDeploymentPostprocessing = 0;
		};
		F635D0E72B9375A100D13B52 /* Resources */ = {
			isa = PBXResourcesBuildPhase;
			buildActionMask = 2147483647;
			files = (
			);
			runOnlyForDeploymentPostprocessing = 0;
		};
		F635D0F12B9375A100D13B52 /* Resources */ = {
			isa = PBXResourcesBuildPhase;
			buildActionMask = 2147483647;
			files = (
			);
			runOnlyForDeploymentPostprocessing = 0;
		};
/* End PBXResourcesBuildPhase section */

/* Begin PBXSourcesBuildPhase section */
		F635D0D52B9375A000D13B52 /* Sources */ = {
			isa = PBXSourcesBuildPhase;
			buildActionMask = 2147483647;
			files = (
				F627F8B72B941B570066C734 /* InspectionView.swift in Sources */,
				F66FE4892B9389D0002D0E8D /* AES256Util.swift in Sources */,
				F627F8A62B941AFE0066C734 /* HomeView.swift in Sources */,
				F627F8A22B941ABE0066C734 /* MainView.swift in Sources */,
				F66FE4672B937864002D0E8D /* DotProgressView.swift in Sources */,
				F66FE4682B937864002D0E8D /* NewMorphButtonStyle.swift in Sources */,
				F66FE46F2B937980002D0E8D /* Logos.swift in Sources */,
				F66FE48E2B938AA0002D0E8D /* UserInfoModel.swift in Sources */,
				F6E94E8C2B9396A900363D64 /* SignUpView.swift in Sources */,
				F627F8AB2B941B0E0066C734 /* ChartView.swift in Sources */,
				F627F8AF2B941B1A0066C734 /* HistoryView.swift in Sources */,
				F66FE4862B9389B1002D0E8D /* UserManagement.swift in Sources */,
				F635D1092B9375F500D13B52 /* SignInView.swift in Sources */,
				F627F8A02B941A190066C734 /* CheckBox.swift in Sources */,
				F627F8B32B941B230066C734 /* MoreView.swift in Sources */,
				F66FE4722B937A18002D0E8D /* UserManagementAlertTypeModel.swift in Sources */,
				F66FE46B2B93789E002D0E8D /* Dot.swift in Sources */,
				F635D0DD2B9375A000D13B52 /* VoiceCheckerApp.swift in Sources */,
			);
			runOnlyForDeploymentPostprocessing = 0;
		};
		F635D0E52B9375A100D13B52 /* Sources */ = {
			isa = PBXSourcesBuildPhase;
			buildActionMask = 2147483647;
			files = (
				F635D0EE2B9375A100D13B52 /* VoiceCheckerTests.swift in Sources */,
			);
			runOnlyForDeploymentPostprocessing = 0;
		};
		F635D0EF2B9375A100D13B52 /* Sources */ = {
			isa = PBXSourcesBuildPhase;
			buildActionMask = 2147483647;
			files = (
				F635D0F82B9375A100D13B52 /* VoiceCheckerUITests.swift in Sources */,
				F635D0FA2B9375A100D13B52 /* VoiceCheckerUITestsLaunchTests.swift in Sources */,
			);
			runOnlyForDeploymentPostprocessing = 0;
		};
/* End PBXSourcesBuildPhase section */

/* Begin PBXTargetDependency section */
		F635D0EB2B9375A100D13B52 /* PBXTargetDependency */ = {
			isa = PBXTargetDependency;
			target = F635D0D82B9375A000D13B52 /* VoiceChecker */;
			targetProxy = F635D0EA2B9375A100D13B52 /* PBXContainerItemProxy */;
		};
		F635D0F52B9375A100D13B52 /* PBXTargetDependency */ = {
			isa = PBXTargetDependency;
			target = F635D0D82B9375A000D13B52 /* VoiceChecker */;
			targetProxy = F635D0F42B9375A100D13B52 /* PBXContainerItemProxy */;
		};
/* End PBXTargetDependency section */

/* Begin XCBuildConfiguration section */
		F635D0FB2B9375A100D13B52 /* Debug */ = {
			isa = XCBuildConfiguration;
			buildSettings = {
				ALWAYS_SEARCH_USER_PATHS = NO;
				ASSETCATALOG_COMPILER_GENERATE_SWIFT_ASSET_SYMBOL_EXTENSIONS = YES;
				CLANG_ANALYZER_NONNULL = YES;
				CLANG_ANALYZER_NUMBER_OBJECT_CONVERSION = YES_AGGRESSIVE;
				CLANG_CXX_LANGUAGE_STANDARD = "gnu++20";
				CLANG_ENABLE_MODULES = YES;
				CLANG_ENABLE_OBJC_ARC = YES;
				CLANG_ENABLE_OBJC_WEAK = YES;
				CLANG_WARN_BLOCK_CAPTURE_AUTORELEASING = YES;
				CLANG_WARN_BOOL_CONVERSION = YES;
				CLANG_WARN_COMMA = YES;
				CLANG_WARN_CONSTANT_CONVERSION = YES;
				CLANG_WARN_DEPRECATED_OBJC_IMPLEMENTATIONS = YES;
				CLANG_WARN_DIRECT_OBJC_ISA_USAGE = YES_ERROR;
				CLANG_WARN_DOCUMENTATION_COMMENTS = YES;
				CLANG_WARN_EMPTY_BODY = YES;
				CLANG_WARN_ENUM_CONVERSION = YES;
				CLANG_WARN_INFINITE_RECURSION = YES;
				CLANG_WARN_INT_CONVERSION = YES;
				CLANG_WARN_NON_LITERAL_NULL_CONVERSION = YES;
				CLANG_WARN_OBJC_IMPLICIT_RETAIN_SELF = YES;
				CLANG_WARN_OBJC_LITERAL_CONVERSION = YES;
				CLANG_WARN_OBJC_ROOT_CLASS = YES_ERROR;
				CLANG_WARN_QUOTED_INCLUDE_IN_FRAMEWORK_HEADER = YES;
				CLANG_WARN_RANGE_LOOP_ANALYSIS = YES;
				CLANG_WARN_STRICT_PROTOTYPES = YES;
				CLANG_WARN_SUSPICIOUS_MOVE = YES;
				CLANG_WARN_UNGUARDED_AVAILABILITY = YES_AGGRESSIVE;
				CLANG_WARN_UNREACHABLE_CODE = YES;
				CLANG_WARN__DUPLICATE_METHOD_MATCH = YES;
				COPY_PHASE_STRIP = NO;
				DEBUG_INFORMATION_FORMAT = dwarf;
				ENABLE_STRICT_OBJC_MSGSEND = YES;
				ENABLE_TESTABILITY = YES;
				ENABLE_USER_SCRIPT_SANDBOXING = YES;
				GCC_C_LANGUAGE_STANDARD = gnu17;
				GCC_DYNAMIC_NO_PIC = NO;
				GCC_NO_COMMON_BLOCKS = YES;
				GCC_OPTIMIZATION_LEVEL = 0;
				GCC_PREPROCESSOR_DEFINITIONS = (
					"DEBUG=1",
					"$(inherited)",
				);
				GCC_WARN_64_TO_32_BIT_CONVERSION = YES;
				GCC_WARN_ABOUT_RETURN_TYPE = YES_ERROR;
				GCC_WARN_UNDECLARED_SELECTOR = YES;
				GCC_WARN_UNINITIALIZED_AUTOS = YES_AGGRESSIVE;
				GCC_WARN_UNUSED_FUNCTION = YES;
				GCC_WARN_UNUSED_VARIABLE = YES;
				IPHONEOS_DEPLOYMENT_TARGET = 17.2;
				LOCALIZATION_PREFERS_STRING_CATALOGS = YES;
				MTL_ENABLE_DEBUG_INFO = INCLUDE_SOURCE;
				MTL_FAST_MATH = YES;
				ONLY_ACTIVE_ARCH = YES;
				SDKROOT = iphoneos;
				SWIFT_ACTIVE_COMPILATION_CONDITIONS = "DEBUG $(inherited)";
				SWIFT_OPTIMIZATION_LEVEL = "-Onone";
			};
			name = Debug;
		};
		F635D0FC2B9375A100D13B52 /* Release */ = {
			isa = XCBuildConfiguration;
			buildSettings = {
				ALWAYS_SEARCH_USER_PATHS = NO;
				ASSETCATALOG_COMPILER_GENERATE_SWIFT_ASSET_SYMBOL_EXTENSIONS = YES;
				CLANG_ANALYZER_NONNULL = YES;
				CLANG_ANALYZER_NUMBER_OBJECT_CONVERSION = YES_AGGRESSIVE;
				CLANG_CXX_LANGUAGE_STANDARD = "gnu++20";
				CLANG_ENABLE_MODULES = YES;
				CLANG_ENABLE_OBJC_ARC = YES;
				CLANG_ENABLE_OBJC_WEAK = YES;
				CLANG_WARN_BLOCK_CAPTURE_AUTORELEASING = YES;
				CLANG_WARN_BOOL_CONVERSION = YES;
				CLANG_WARN_COMMA = YES;
				CLANG_WARN_CONSTANT_CONVERSION = YES;
				CLANG_WARN_DEPRECATED_OBJC_IMPLEMENTATIONS = YES;
				CLANG_WARN_DIRECT_OBJC_ISA_USAGE = YES_ERROR;
				CLANG_WARN_DOCUMENTATION_COMMENTS = YES;
				CLANG_WARN_EMPTY_BODY = YES;
				CLANG_WARN_ENUM_CONVERSION = YES;
				CLANG_WARN_INFINITE_RECURSION = YES;
				CLANG_WARN_INT_CONVERSION = YES;
				CLANG_WARN_NON_LITERAL_NULL_CONVERSION = YES;
				CLANG_WARN_OBJC_IMPLICIT_RETAIN_SELF = YES;
				CLANG_WARN_OBJC_LITERAL_CONVERSION = YES;
				CLANG_WARN_OBJC_ROOT_CLASS = YES_ERROR;
				CLANG_WARN_QUOTED_INCLUDE_IN_FRAMEWORK_HEADER = YES;
				CLANG_WARN_RANGE_LOOP_ANALYSIS = YES;
				CLANG_WARN_STRICT_PROTOTYPES = YES;
				CLANG_WARN_SUSPICIOUS_MOVE = YES;
				CLANG_WARN_UNGUARDED_AVAILABILITY = YES_AGGRESSIVE;
				CLANG_WARN_UNREACHABLE_CODE = YES;
				CLANG_WARN__DUPLICATE_METHOD_MATCH = YES;
				COPY_PHASE_STRIP = NO;
				DEBUG_INFORMATION_FORMAT = "dwarf-with-dsym";
				ENABLE_NS_ASSERTIONS = NO;
				ENABLE_STRICT_OBJC_MSGSEND = YES;
				ENABLE_USER_SCRIPT_SANDBOXING = YES;
				GCC_C_LANGUAGE_STANDARD = gnu17;
				GCC_NO_COMMON_BLOCKS = YES;
				GCC_WARN_64_TO_32_BIT_CONVERSION = YES;
				GCC_WARN_ABOUT_RETURN_TYPE = YES_ERROR;
				GCC_WARN_UNDECLARED_SELECTOR = YES;
				GCC_WARN_UNINITIALIZED_AUTOS = YES_AGGRESSIVE;
				GCC_WARN_UNUSED_FUNCTION = YES;
				GCC_WARN_UNUSED_VARIABLE = YES;
				IPHONEOS_DEPLOYMENT_TARGET = 17.2;
				LOCALIZATION_PREFERS_STRING_CATALOGS = YES;
				MTL_ENABLE_DEBUG_INFO = NO;
				MTL_FAST_MATH = YES;
				SDKROOT = iphoneos;
				SWIFT_COMPILATION_MODE = wholemodule;
				VALIDATE_PRODUCT = YES;
			};
			name = Release;
		};
		F635D0FE2B9375A100D13B52 /* Debug */ = {
			isa = XCBuildConfiguration;
			buildSettings = {
				ASSETCATALOG_COMPILER_APPICON_NAME = AppIcon;
				ASSETCATALOG_COMPILER_GLOBAL_ACCENT_COLOR_NAME = AccentColor;
				CODE_SIGN_STYLE = Automatic;
				CURRENT_PROJECT_VERSION = 1;
				DEVELOPMENT_ASSET_PATHS = "\"VoiceChecker/Preview Content\"";
				DEVELOPMENT_TEAM = JLQKH6P6PL;
				ENABLE_PREVIEWS = YES;
				GENERATE_INFOPLIST_FILE = YES;
				INFOPLIST_KEY_UIApplicationSceneManifest_Generation = YES;
				INFOPLIST_KEY_UIApplicationSupportsIndirectInputEvents = YES;
				INFOPLIST_KEY_UILaunchScreen_Generation = YES;
				INFOPLIST_KEY_UISupportedInterfaceOrientations_iPad = "UIInterfaceOrientationPortrait UIInterfaceOrientationPortraitUpsideDown UIInterfaceOrientationLandscapeLeft UIInterfaceOrientationLandscapeRight";
				INFOPLIST_KEY_UISupportedInterfaceOrientations_iPhone = "UIInterfaceOrientationPortrait UIInterfaceOrientationLandscapeLeft UIInterfaceOrientationLandscapeRight";
				LD_RUNPATH_SEARCH_PATHS = (
					"$(inherited)",
					"@executable_path/Frameworks",
				);
				MARKETING_VERSION = 1.0;
				PRODUCT_BUNDLE_IDENTIFIER = com.cj.VoiceChecker;
				PRODUCT_NAME = "$(TARGET_NAME)";
				SWIFT_EMIT_LOC_STRINGS = YES;
				SWIFT_VERSION = 5.0;
				TARGETED_DEVICE_FAMILY = "1,2";
			};
			name = Debug;
		};
		F635D0FF2B9375A100D13B52 /* Release */ = {
			isa = XCBuildConfiguration;
			buildSettings = {
				ASSETCATALOG_COMPILER_APPICON_NAME = AppIcon;
				ASSETCATALOG_COMPILER_GLOBAL_ACCENT_COLOR_NAME = AccentColor;
				CODE_SIGN_STYLE = Automatic;
				CURRENT_PROJECT_VERSION = 1;
				DEVELOPMENT_ASSET_PATHS = "\"VoiceChecker/Preview Content\"";
				DEVELOPMENT_TEAM = JLQKH6P6PL;
				ENABLE_PREVIEWS = YES;
				GENERATE_INFOPLIST_FILE = YES;
				INFOPLIST_KEY_UIApplicationSceneManifest_Generation = YES;
				INFOPLIST_KEY_UIApplicationSupportsIndirectInputEvents = YES;
				INFOPLIST_KEY_UILaunchScreen_Generation = YES;
				INFOPLIST_KEY_UISupportedInterfaceOrientations_iPad = "UIInterfaceOrientationPortrait UIInterfaceOrientationPortraitUpsideDown UIInterfaceOrientationLandscapeLeft UIInterfaceOrientationLandscapeRight";
				INFOPLIST_KEY_UISupportedInterfaceOrientations_iPhone = "UIInterfaceOrientationPortrait UIInterfaceOrientationLandscapeLeft UIInterfaceOrientationLandscapeRight";
				LD_RUNPATH_SEARCH_PATHS = (
					"$(inherited)",
					"@executable_path/Frameworks",
				);
				MARKETING_VERSION = 1.0;
				PRODUCT_BUNDLE_IDENTIFIER = com.cj.VoiceChecker;
				PRODUCT_NAME = "$(TARGET_NAME)";
				SWIFT_EMIT_LOC_STRINGS = YES;
				SWIFT_VERSION = 5.0;
				TARGETED_DEVICE_FAMILY = "1,2";
			};
			name = Release;
		};
		F635D1012B9375A100D13B52 /* Debug */ = {
			isa = XCBuildConfiguration;
			buildSettings = {
				ALWAYS_EMBED_SWIFT_STANDARD_LIBRARIES = YES;
				BUNDLE_LOADER = "$(TEST_HOST)";
				CODE_SIGN_STYLE = Automatic;
				CURRENT_PROJECT_VERSION = 1;
				DEVELOPMENT_TEAM = JLQKH6P6PL;
				GENERATE_INFOPLIST_FILE = YES;
				IPHONEOS_DEPLOYMENT_TARGET = 17.2;
				MARKETING_VERSION = 1.0;
				PRODUCT_BUNDLE_IDENTIFIER = com.cj.VoiceCheckerTests;
				PRODUCT_NAME = "$(TARGET_NAME)";
				SWIFT_EMIT_LOC_STRINGS = NO;
				SWIFT_VERSION = 5.0;
				TARGETED_DEVICE_FAMILY = "1,2";
				TEST_HOST = "$(BUILT_PRODUCTS_DIR)/VoiceChecker.app/$(BUNDLE_EXECUTABLE_FOLDER_PATH)/VoiceChecker";
			};
			name = Debug;
		};
		F635D1022B9375A100D13B52 /* Release */ = {
			isa = XCBuildConfiguration;
			buildSettings = {
				ALWAYS_EMBED_SWIFT_STANDARD_LIBRARIES = YES;
				BUNDLE_LOADER = "$(TEST_HOST)";
				CODE_SIGN_STYLE = Automatic;
				CURRENT_PROJECT_VERSION = 1;
				DEVELOPMENT_TEAM = JLQKH6P6PL;
				GENERATE_INFOPLIST_FILE = YES;
				IPHONEOS_DEPLOYMENT_TARGET = 17.2;
				MARKETING_VERSION = 1.0;
				PRODUCT_BUNDLE_IDENTIFIER = com.cj.VoiceCheckerTests;
				PRODUCT_NAME = "$(TARGET_NAME)";
				SWIFT_EMIT_LOC_STRINGS = NO;
				SWIFT_VERSION = 5.0;
				TARGETED_DEVICE_FAMILY = "1,2";
				TEST_HOST = "$(BUILT_PRODUCTS_DIR)/VoiceChecker.app/$(BUNDLE_EXECUTABLE_FOLDER_PATH)/VoiceChecker";
			};
			name = Release;
		};
		F635D1042B9375A100D13B52 /* Debug */ = {
			isa = XCBuildConfiguration;
			buildSettings = {
				ALWAYS_EMBED_SWIFT_STANDARD_LIBRARIES = YES;
				CODE_SIGN_STYLE = Automatic;
				CURRENT_PROJECT_VERSION = 1;
				DEVELOPMENT_TEAM = JLQKH6P6PL;
				GENERATE_INFOPLIST_FILE = YES;
				MARKETING_VERSION = 1.0;
				PRODUCT_BUNDLE_IDENTIFIER = com.cj.VoiceCheckerUITests;
				PRODUCT_NAME = "$(TARGET_NAME)";
				SWIFT_EMIT_LOC_STRINGS = NO;
				SWIFT_VERSION = 5.0;
				TARGETED_DEVICE_FAMILY = "1,2";
				TEST_TARGET_NAME = VoiceChecker;
			};
			name = Debug;
		};
		F635D1052B9375A100D13B52 /* Release */ = {
			isa = XCBuildConfiguration;
			buildSettings = {
				ALWAYS_EMBED_SWIFT_STANDARD_LIBRARIES = YES;
				CODE_SIGN_STYLE = Automatic;
				CURRENT_PROJECT_VERSION = 1;
				DEVELOPMENT_TEAM = JLQKH6P6PL;
				GENERATE_INFOPLIST_FILE = YES;
				MARKETING_VERSION = 1.0;
				PRODUCT_BUNDLE_IDENTIFIER = com.cj.VoiceCheckerUITests;
				PRODUCT_NAME = "$(TARGET_NAME)";
				SWIFT_EMIT_LOC_STRINGS = NO;
				SWIFT_VERSION = 5.0;
				TARGETED_DEVICE_FAMILY = "1,2";
				TEST_TARGET_NAME = VoiceChecker;
			};
			name = Release;
		};
/* End XCBuildConfiguration section */

/* Begin XCConfigurationList section */
		F635D0D42B9375A000D13B52 /* Build configuration list for PBXProject "VoiceChecker" */ = {
			isa = XCConfigurationList;
			buildConfigurations = (
				F635D0FB2B9375A100D13B52 /* Debug */,
				F635D0FC2B9375A100D13B52 /* Release */,
			);
			defaultConfigurationIsVisible = 0;
			defaultConfigurationName = Release;
		};
		F635D0FD2B9375A100D13B52 /* Build configuration list for PBXNativeTarget "VoiceChecker" */ = {
			isa = XCConfigurationList;
			buildConfigurations = (
				F635D0FE2B9375A100D13B52 /* Debug */,
				F635D0FF2B9375A100D13B52 /* Release */,
			);
			defaultConfigurationIsVisible = 0;
			defaultConfigurationName = Release;
		};
		F635D1002B9375A100D13B52 /* Build configuration list for PBXNativeTarget "VoiceCheckerTests" */ = {
			isa = XCConfigurationList;
			buildConfigurations = (
				F635D1012B9375A100D13B52 /* Debug */,
				F635D1022B9375A100D13B52 /* Release */,
			);
			defaultConfigurationIsVisible = 0;
			defaultConfigurationName = Release;
		};
		F635D1032B9375A100D13B52 /* Build configuration list for PBXNativeTarget "VoiceCheckerUITests" */ = {
			isa = XCConfigurationList;
			buildConfigurations = (
				F635D1042B9375A100D13B52 /* Debug */,
				F635D1052B9375A100D13B52 /* Release */,
			);
			defaultConfigurationIsVisible = 0;
			defaultConfigurationName = Release;
		};
/* End XCConfigurationList section */

/* Begin XCRemoteSwiftPackageReference section */
		F66FE4752B9388F5002D0E8D /* XCRemoteSwiftPackageReference "firebase-ios-sdk" */ = {
			isa = XCRemoteSwiftPackageReference;
			repositoryURL = "https://github.com/firebase/firebase-ios-sdk.git";
			requirement = {
				kind = upToNextMajorVersion;
				minimumVersion = 10.21.0;
			};
		};
		F66FE48A2B938A08002D0E8D /* XCRemoteSwiftPackageReference "CryptoSwift" */ = {
			isa = XCRemoteSwiftPackageReference;
			repositoryURL = "https://github.com/krzyzanowskim/CryptoSwift";
			requirement = {
				kind = upToNextMajorVersion;
				minimumVersion = 1.8.1;
			};
		};
/* End XCRemoteSwiftPackageReference section */

/* Begin XCSwiftPackageProductDependency section */
		F66FE4762B9388F5002D0E8D /* FirebaseAnalytics */ = {
			isa = XCSwiftPackageProductDependency;
			package = F66FE4752B9388F5002D0E8D /* XCRemoteSwiftPackageReference "firebase-ios-sdk" */;
			productName = FirebaseAnalytics;
		};
		F66FE4782B9388F5002D0E8D /* FirebaseAnalyticsSwift */ = {
			isa = XCSwiftPackageProductDependency;
			package = F66FE4752B9388F5002D0E8D /* XCRemoteSwiftPackageReference "firebase-ios-sdk" */;
			productName = FirebaseAnalyticsSwift;
		};
		F66FE47A2B9388F5002D0E8D /* FirebaseAuth */ = {
			isa = XCSwiftPackageProductDependency;
			package = F66FE4752B9388F5002D0E8D /* XCRemoteSwiftPackageReference "firebase-ios-sdk" */;
			productName = FirebaseAuth;
		};
		F66FE47C2B9388F5002D0E8D /* FirebaseFirestore */ = {
			isa = XCSwiftPackageProductDependency;
			package = F66FE4752B9388F5002D0E8D /* XCRemoteSwiftPackageReference "firebase-ios-sdk" */;
			productName = FirebaseFirestore;
		};
		F66FE47E2B9388F5002D0E8D /* FirebaseFirestoreSwift */ = {
			isa = XCSwiftPackageProductDependency;
			package = F66FE4752B9388F5002D0E8D /* XCRemoteSwiftPackageReference "firebase-ios-sdk" */;
			productName = FirebaseFirestoreSwift;
		};
		F66FE4802B9388F5002D0E8D /* FirebaseFunctions */ = {
			isa = XCSwiftPackageProductDependency;
			package = F66FE4752B9388F5002D0E8D /* XCRemoteSwiftPackageReference "firebase-ios-sdk" */;
			productName = FirebaseFunctions;
		};
		F66FE4822B9388F5002D0E8D /* FirebaseStorage */ = {
			isa = XCSwiftPackageProductDependency;
			package = F66FE4752B9388F5002D0E8D /* XCRemoteSwiftPackageReference "firebase-ios-sdk" */;
			productName = FirebaseStorage;
		};
		F66FE48B2B938A08002D0E8D /* CryptoSwift */ = {
			isa = XCSwiftPackageProductDependency;
			package = F66FE48A2B938A08002D0E8D /* XCRemoteSwiftPackageReference "CryptoSwift" */;
			productName = CryptoSwift;
		};
/* End XCSwiftPackageProductDependency section */
	};
	rootObject = F635D0D12B9375A000D13B52 /* Project object */;
}
